
Microsoft Visual Studio Solution File, Format Version 12.00
# Visual Studio Version 16
VisualStudioVersion = 16.0.29009.5
MinimumVisualStudioVersion = 10.0.40219.1
Project("{FAE04EC0-301F-11D3-BF4B-00C04F79EFBC}") = "MyPresentation", "MyPresentation.csproj", "{0E3F5D2E-EA34-4FB5-819F-ACD1B6083E34}"
EndProject
Global
	GlobalSection(SolutionConfigurationPlatforms) = preSolution
		Debug|Any CPU = Debug|Any CPU
		Release|Any CPU = Release|Any CPU
	EndGlobalSection
	GlobalSection(ProjectConfigurationPlatforms) = postSolution
		{0E3F5D2E-EA34-4FB5-819F-ACD1B6083E34}.Debug|Any CPU.ActiveCfg = Debug|Any CPU
		{0E3F5D2E-EA34-4FB5-819F-ACD1B6083E34}.Debug|Any CPU.Build.0 = Debug|Any CPU
		{0E3F5D2E-EA34-4FB5-819F-ACD1B6083E34}.Release|Any CPU.ActiveCfg = Release|Any CPU
		{0E3F5D2E-EA34-4FB5-819F-ACD1B6083E34}.Release|Any CPU.Build.0 = Release|Any CPU
	EndGlobalSection
	GlobalSection(SolutionProperties) = preSolution
		HideSolutionNode = FALSE
	EndGlobalSection
	GlobalSection(ExtensibilityGlobals) = postSolution
		SolutionGuid = {14286E4D-D3B0-4993-A092-A5AB608AF28C}
	EndGlobalSection
EndGlobal
